{
  "name": "tools",
  "version": "1.0.0",
  "lockfileVersion": 3,
  "requires": true,
  "packages": {
    "": {
      "name": "tools",
      "version": "1.0.0",
      "license": "ISC",
      "dependencies": {
        "@fontsource-variable/overpass": "^5.3.0",
        "@fontsource/besley": "^5.3.0",
        "@fontsource/overpass": "^5.3.0",
        "@fontsource/overpass-mono": "^5.3.0",
        "culori": "^4.0.2",
        "d3-contour": "^4.0.2",
        "opentype.js": "^2.0.0",
        "playwright": "^1.64.0",
        "simplex-noise": "^4.0.3"
      }
    },
    "node_modules/@fontsource-variable/overpass": {
      "version": "5.3.0",
      "resolved": "https://registry.npmjs.org/@fontsource-variable/overpass/-/overpass-5.3.0.tgz",
      "integrity": "sha512-HviVvVvKCwhXjxM61GjnCW2cKoeEWFkoBANaArzIHliC+7mV4lmKKIBAa0O7E5ISHnkV3sihgOHXxzpnsbP3Xg==",
      "license": "OFL-1.1",
      "funding": {
        "url": "https://github.com/sponsors/ayuhito"
      }
    },
    "node_modules/@fontsource/besley": {
      "version": "5.3.0",
      "resolved": "https://registry.npmjs.org/@fontsource/besley/-/besley-5.3.0.tgz",
      "integrity": "sha512-PPbFdjy6oGeLEutwtf+Bsdj8ghHQEnTOtByu6BSL+R8N0Q5rfHtiShYffzB+GcQvxon89nu9yfoUqRTwA6LFmA==",
      "license": "OFL-1.1",
      "funding": {
        "url": "https://github.com/sponsors/ayuhito"
      }
    },
    "node_modules/@fontsource/overpass": {
      "version": "5.3.0",
      "resolved": "https://registry.npmjs.org/@fontsource/overpass/-/overpass-5.3.0.tgz",
      "integrity": "sha512-601DJ9xb8+8XbxAS05+lkh9cW6wc4TnXL2vhQBUN6PrtE/mQTgxqrqac7rXkthyJO7c3KMHOpl9Tt0sRql1p5Q==",
      "license": "OFL-1.1",
      "funding": {
        "url": "https://github.com/sponsors/ayuhito"
      }
    },
    "node_modules/@fontsource/overpass-mono": {
      "version": "5.3.0",
      "resolved": "https://registry.npmjs.org/@fontsource/overpass-mono/-/overpass-mono-5.3.0.tgz",
      "integrity": "sha512-ORe1cIq1DZmEQ2/Y4N09YIKgzAfzn1ZlPfOQUEAIZTJiNaOQJonxCWbp9fsUQrp0h6j7+ebd9wIzkRv7YMaESQ==",
      "license": "OFL-1.1",
      "funding": {
        "url": "https://github.com/sponsors/ayuhito"
      }
    },
    "node_modules/culori": {
      "version": "4.0.2",
      "resolved": "https://registry.npmjs.org/culori/-/culori-4.0.2.tgz",
      "integrity": "sha512-1+BhOB8ahCn4O0cep0Sh2l9KCOfOdY+BXJnKMHFFzDEouSr/el18QwXEMRlOj9UY5nCeA8UN3a/82rUWRBeyBw==",
      "license": "MIT",
      "engines": {
        "node": "^12.20.0 || ^14.13.1 || >=16.0.0"
      }
    },
    "node_modules/d3-array": {
      "version": "3.2.4",
      "resolved": "https://registry.npmjs.org/d3-array/-/d3-array-3.2.4.tgz",
      "integrity": "sha512-tdQAmyA18i4J7wprpYq8ClcxZy3SC31QMeByyCFyRt7BVHdREQZ5lpzoe5mFEYZUWe+oq8HBvk9JjpibyEV4Jg==",
      "license": "ISC",
      "dependencies": {
        "internmap": "1 - 2"
      },
      "engines": {
        "node": ">=12"
      }
    },
    "node_modules/d3-contour": {
      "version": "4.0.2",
      "resolved": "https://registry.npmjs.org/d3-contour/-/d3-contour-4.0.2.tgz",
      "integrity": "sha512-4EzFTRIikzs47RGmdxbeUvLWtGedDUNkTcmzoeyg4sP/dvCexO47AaQL7VKy/gul85TOxw+IBgA8US2xwbToNA==",
      "license": "ISC",
      "dependencies": {
        "d3-array": "^3.2.0"
      },
      "engines": {
        "node": ">=12"
      }
    },
    "node_modules/internmap": {
      "version": "2.0.3",
      "resolved": "https://registry.npmjs.org/internmap/-/internmap-2.0.3.tgz",
      "integrity": "sha512-5Hh7Y1wQbvY5ooGgPbDaL5iYLAPzMTUrjMulskHLH6wnv/A+1q5rgEaiuqEjB+oxGXIVZs1FF+R/KPN3ZSQYYg==",
      "license": "ISC",
      "engines": {
        "node": ">=12"
      }
    },
    "node_modules/opentype.js": {
      "version": "2.0.0",
      "resolved": "https://registry.npmjs.org/opentype.js/-/opentype.js-2.0.0.tgz",
      "integrity": "sha512-kCyjv6xdDY1W/jLWZ/L3QhhTlKUqDZMQ5+Jdlw12b3dXkKNpYBqqlMMj0YDQPShWFTMwgZI1hG14kN3XUDSg/A==",
      "license": "MIT",
      "bin": {
        "ot": "bin/ot"
      }
    },
    "node_modules/playwright": {
      "version": "1.64.0",
      "resolved": "https://registry.npmjs.org/playwright/-/playwright-1.64.0.tgz",
      "integrity": "sha512-kVzTnYFYEyQ9RGzBjNCd2+yEqWmVbxl3AHPynv3qQ6JTjv4a+kwRcnqQwIpuP3NnrnIrE/Q6wWAIAvMfIE2/Yg==",
      "license": "Apache-2.0",
      "dependencies": {
        "playwright-core": "1.64.0"
      },
      "bin": {
        "playwright": "cli.js"
      },
      "engines": {
        "node": ">=20"
      }
    },
    "node_modules/playwright-core": {
      "version": "1.64.0",
      "resolved": "https://registry.npmjs.org/playwright-core/-/playwright-core-1.64.0.tgz",
      "integrity": "sha512-T9r+MZkTECl2+oUcZ26YgZzTrYidTsIhYYkJix+6iDOymOb1FB2RLLSOxRGnZGv5DStt+aduIVbt+E8WygXYpg==",
      "license": "Apache-2.0",
      "bin": {
        "playwright-core": "cli.js"
      },
      "engines": {
        "node": ">=20"
      }
    },
    "node_modules/simplex-noise": {
      "version": "4.0.3",
      "resolved": "https://registry.npmjs.org/simplex-noise/-/simplex-noise-4.0.3.tgz",
      "integrity": "sha512-qSE2I4AngLQG7BXqoZj51jokT4WUXe8mOBrvfOXpci8+6Yu44+/dD5zqDpOx3Ux792eamTd2lLcI8jqFntk/lg==",
      "license": "MIT"
    }
  }
}
